{
  "originHash" : "edf1b6e7a264d1018d7db87eaa02d4932edcf18a20c207e7a600bacfac98781f",
  "pins" : [
    {
      "identity" : "audiokit",
      "kind" : "remoteSourceControl",
      "location" : "https://github.com/AudioKit/AudioKit.git",
      "state" : {
        "revision" : "2ebd422855e4645d3169f83d1765d1c8196b4f46",
        "version" : "5.6.4"
      }
    },
    {
      "identity" : "audiokitex",
      "kind" : "remoteSourceControl",
      "location" : "https://github.com/AudioKit/AudioKitEX.git",
      "state" : {
        "revision" : "cb1a1276978ffc08e00d4774c0617aa8a58a17c4",
        "version" : "5.6.1"
      }
    }
  ],
  "version" : 3
}
